
Microsoft Visual Studio Solution File, Format Version 12.00
# Visual Studio 15
VisualStudioVersion = 15.0.26730.16
MinimumVisualStudioVersion = 10.0.40219.1
Project("{FAE04EC0-301F-11D3-BF4B-00C04F79EFBC}") = "jobzcolud", "jobzcolud\jobzcolud.csproj", "{762F3EB9-D9C1-4697-BD36-06E1EDF8515B}"
EndProject
Project("{FAE04EC0-301F-11D3-BF4B-00C04F79EFBC}") = "Service", "Service\Service.csproj", "{5BE0CF05-8FED-40A1-A13B-5AFFA1B3D84F}"
EndProject
Project("{FAE04EC0-301F-11D3-BF4B-00C04F79EFBC}") = "Common", "Common\Common.csproj", "{FF57F6FB-DB0F-4616-A969-543DB232F8B1}"
EndProject
Project("{FAE04EC0-301F-11D3-BF4B-00C04F79EFBC}") = "ClassLibrary1", "ClassLibrary1\ClassLibrary1.csproj", "{93D871D7-56F0-45E3-95C5-D7B6EAD4BF20}"
EndProject
Global
	GlobalSection(SolutionConfigurationPlatforms) = preSolution
		Debug|Any CPU = Debug|Any CPU
		Release|Any CPU = Release|Any CPU
	EndGlobalSection
	GlobalSection(ProjectConfigurationPlatforms) = postSolution
		{762F3EB9-D9C1-4697-BD36-06E1EDF8515B}.Debug|Any CPU.ActiveCfg = Debug|Any CPU
		{762F3EB9-D9C1-4697-BD36-06E1EDF8515B}.Debug|Any CPU.Build.0 = Debug|Any CPU
		{762F3EB9-D9C1-4697-BD36-06E1EDF8515B}.Release|Any CPU.ActiveCfg = Release|Any CPU
		{762F3EB9-D9C1-4697-BD36-06E1EDF8515B}.Release|Any CPU.Build.0 = Release|Any CPU
		{5BE0CF05-8FED-40A1-A13B-5AFFA1B3D84F}.Debug|Any CPU.ActiveCfg = Debug|Any CPU
		{5BE0CF05-8FED-40A1-A13B-5AFFA1B3D84F}.Debug|Any CPU.Build.0 = Debug|Any CPU
		{5BE0CF05-8FED-40A1-A13B-5AFFA1B3D84F}.Release|Any CPU.ActiveCfg = Release|Any CPU
		{5BE0CF05-8FED-40A1-A13B-5AFFA1B3D84F}.Release|Any CPU.Build.0 = Release|Any CPU
		{FF57F6FB-DB0F-4616-A969-543DB232F8B1}.Debug|Any CPU.ActiveCfg = Debug|Any CPU
		{FF57F6FB-DB0F-4616-A969-543DB232F8B1}.Debug|Any CPU.Build.0 = Debug|Any CPU
		{FF57F6FB-DB0F-4616-A969-543DB232F8B1}.Release|Any CPU.ActiveCfg = Release|Any CPU
		{FF57F6FB-DB0F-4616-A969-543DB232F8B1}.Release|Any CPU.Build.0 = Release|Any CPU
		{93D871D7-56F0-45E3-95C5-D7B6EAD4BF20}.Debug|Any CPU.ActiveCfg = Debug|Any CPU
		{93D871D7-56F0-45E3-95C5-D7B6EAD4BF20}.Debug|Any CPU.Build.0 = Debug|Any CPU
		{93D871D7-56F0-45E3-95C5-D7B6EAD4BF20}.Release|Any CPU.ActiveCfg = Release|Any CPU
		{93D871D7-56F0-45E3-95C5-D7B6EAD4BF20}.Release|Any CPU.Build.0 = Release|Any CPU
	EndGlobalSection
	GlobalSection(SolutionProperties) = preSolution
		HideSolutionNode = FALSE
	EndGlobalSection
	GlobalSection(ExtensibilityGlobals) = postSolution
		SolutionGuid = {7552644B-250F-4365-B437-0CB5802EADFE}
	EndGlobalSection
EndGlobal
